{
  "version": 4,
  "terraform_version": "0.12.6",
  "serial": 333,
  "lineage": "8b64d65a-6f8c-4d89-4456-1d2266b65d81",
  "outputs": {},
  "resources": [
    {
      "module": "module.vms-c1",
      "mode": "managed",
      "type": "google_compute_address",
      "name": "static-ip-address",
      "each": "list",
      "provider": "provider.google",
      "instances": []
    },
    {
      "module": "module.vms-w3",
      "mode": "managed",
      "type": "google_compute_address",
      "name": "static-ip-address",
      "each": "list",
      "provider": "provider.google",
      "instances": []
    },
    {
      "module": "module.vms-w1",
      "mode": "managed",
      "type": "google_compute_address",
      "name": "static-ip-address",
      "each": "list",
      "provider": "provider.google",
      "instances": []
    },
    {
      "module": "module.vms-e1",
      "mode": "managed",
      "type": "google_compute_address",
      "name": "static-ip-address",
      "each": "list",
      "provider": "provider.google",
      "instances": [
        {
          "index_key": 0,
          "schema_version": 0,
          "attributes": {
            "address": "35.222.57.8",
            "address_type": "EXTERNAL",
            "creation_timestamp": "2019-08-11T15:20:46.175-07:00",
            "description": "",
            "id": "fox-infra/us-central1/fxprdwebe1-static-ip-1",
            "name": "fxprdwebe1-static-ip-1",
            "network_tier": "PREMIUM",
            "project": "fox-infra",
            "region": "us-central1",
            "self_link": "https://www.googleapis.com/compute/v1/projects/fox-infra/regions/us-central1/addresses/fxprdwebe1-static-ip-1",
            "subnetwork": "",
            "timeouts": null,
            "users": []
          },
          "private": "eyJlMmJmYjczMC1lY2FhLTExZTYtOGY4OC0zNDM2M2JjN2M0YzAiOnsiY3JlYXRlIjoyNDAwMDAwMDAwMDAsImRlbGV0ZSI6MjQwMDAwMDAwMDAwfX0="
        },
        {
          "index_key": 1,
          "schema_version": 0,
          "attributes": {
            "address": "35.184.158.62",
            "address_type": "EXTERNAL",
            "creation_timestamp": "2019-08-11T15:20:46.114-07:00",
            "description": "",
            "id": "fox-infra/us-central1/fxprdwebe1-static-ip-2",
            "name": "fxprdwebe1-static-ip-2",
            "network_tier": "PREMIUM",
            "project": "fox-infra",
            "region": "us-central1",
            "self_link": "https://www.googleapis.com/compute/v1/projects/fox-infra/regions/us-central1/addresses/fxprdwebe1-static-ip-2",
            "subnetwork": "",
            "timeouts": null,
            "users": []
          },
          "private": "eyJlMmJmYjczMC1lY2FhLTExZTYtOGY4OC0zNDM2M2JjN2M0YzAiOnsiY3JlYXRlIjoyNDAwMDAwMDAwMDAsImRlbGV0ZSI6MjQwMDAwMDAwMDAwfX0="
        },
        {
          "index_key": 2,
          "schema_version": 0,
          "attributes": {
            "address": "35.202.190.110",
            "address_type": "EXTERNAL",
            "creation_timestamp": "2019-08-11T15:20:46.107-07:00",
            "description": "",
            "id": "fox-infra/us-central1/fxprdwebe1-static-ip-3",
            "name": "fxprdwebe1-static-ip-3",
            "network_tier": "PREMIUM",
            "project": "fox-infra",
            "region": "us-central1",
            "self_link": "https://www.googleapis.com/compute/v1/projects/fox-infra/regions/us-central1/addresses/fxprdwebe1-static-ip-3",
            "subnetwork": "",
            "timeouts": null,
            "users": []
          },
          "private": "eyJlMmJmYjczMC1lY2FhLTExZTYtOGY4OC0zNDM2M2JjN2M0YzAiOnsiY3JlYXRlIjoyNDAwMDAwMDAwMDAsImRlbGV0ZSI6MjQwMDAwMDAwMDAwfX0="
        }
      ]
    },
    {
      "module": "module.vms-e4",
      "mode": "managed",
      "type": "google_compute_address",
      "name": "static-ip-address",
      "each": "list",
      "provider": "provider.google",
      "instances": []
    },
    {
      "module": "module.vms-c3",
      "mode": "managed",
      "type": "google_compute_address",
      "name": "static-ip-address",
      "each": "list",
      "provider": "provider.google",
      "instances": []
    },
    {
      "module": "module.vms-c1",
      "mode": "managed",
      "type": "google_compute_disk",
      "name": "fxprdwebc1",
      "each": "list",
      "provider": "provider.google",
      "instances": []
    },
    {
      "module": "module.vms-c3",
      "mode": "managed",
      "type": "google_compute_disk",
      "name": "fxprdwebc3",
      "each": "list",
      "provider": "provider.google",
      "instances": []
    },
    {
      "module": "module.vms-e1",
      "mode": "managed",
      "type": "google_compute_disk",
      "name": "fxprdwebe1",
      "each": "list",
      "provider": "provider.google",
      "instances": [
        {
          "index_key": 0,
          "schema_version": 0,
          "attributes": {
            "creation_timestamp": "2019-08-11T15:20:46.243-07:00",
            "description": "",
            "disk_encryption_key": [],
            "disk_encryption_key_raw": null,
            "disk_encryption_key_sha256": null,
            "id": "fxprdwebe40-boot",
            "image": "",
            "label_fingerprint": "42WmSpB8rSM=",
            "labels": null,
            "last_attach_timestamp": "",
            "last_detach_timestamp": "",
            "name": "fxprdwebe40-boot",
            "physical_block_size_bytes": 4096,
            "project": "fox-infra",
            "self_link": "https://www.googleapis.com/compute/v1/projects/fox-infra/zones/us-central1-a/disks/fxprdwebe40-boot",
            "size": 17,
            "snapshot": "https://www.googleapis.com/compute/v1/projects/fox-infra/global/snapshots/before-oauth",
            "source_image_encryption_key": [],
            "source_image_id": "",
            "source_snapshot_encryption_key": [],
            "source_snapshot_id": "6605492809621834532",
            "timeouts": null,
            "type": "pd-ssd",
            "users": [],
            "zone": "us-central1-a"
          },
          "private": "eyJlMmJmYjczMC1lY2FhLTExZTYtOGY4OC0zNDM2M2JjN2M0YzAiOnsiY3JlYXRlIjozMDAwMDAwMDAwMDAsImRlbGV0ZSI6MjQwMDAwMDAwMDAwLCJ1cGRhdGUiOjI0MDAwMDAwMDAwMH19"
        },
        {
          "index_key": 1,
          "schema_version": 0,
          "attributes": {
            "creation_timestamp": "2019-08-11T15:20:46.290-07:00",
            "description": "",
            "disk_encryption_key": [],
            "disk_encryption_key_raw": null,
            "disk_encryption_key_sha256": null,
            "id": "fxprdwebe41-boot",
            "image": "",
            "label_fingerprint": "42WmSpB8rSM=",
            "labels": null,
            "last_attach_timestamp": "",
            "last_detach_timestamp": "",
            "name": "fxprdwebe41-boot",
            "physical_block_size_bytes": 4096,
            "project": "fox-infra",
            "self_link": "https://www.googleapis.com/compute/v1/projects/fox-infra/zones/us-central1-a/disks/fxprdwebe41-boot",
            "size": 17,
            "snapshot": "https://www.googleapis.com/compute/v1/projects/fox-infra/global/snapshots/before-oauth",
            "source_image_encryption_key": [],
            "source_image_id": "",
            "source_snapshot_encryption_key": [],
            "source_snapshot_id": "6605492809621834532",
            "timeouts": null,
            "type": "pd-ssd",
            "users": [],
            "zone": "us-central1-a"
          },
          "private": "eyJlMmJmYjczMC1lY2FhLTExZTYtOGY4OC0zNDM2M2JjN2M0YzAiOnsiY3JlYXRlIjozMDAwMDAwMDAwMDAsImRlbGV0ZSI6MjQwMDAwMDAwMDAwLCJ1cGRhdGUiOjI0MDAwMDAwMDAwMH19"
        },
        {
          "index_key": 2,
          "schema_version": 0,
          "attributes": {
            "creation_timestamp": "2019-08-11T15:20:46.246-07:00",
            "description": "",
            "disk_encryption_key": [],
            "disk_encryption_key_raw": null,
            "disk_encryption_key_sha256": null,
            "id": "fxprdwebe42-boot",
            "image": "",
            "label_fingerprint": "42WmSpB8rSM=",
            "labels": null,
            "last_attach_timestamp": "",
            "last_detach_timestamp": "",
            "name": "fxprdwebe42-boot",
            "physical_block_size_bytes": 4096,
            "project": "fox-infra",
            "self_link": "https://www.googleapis.com/compute/v1/projects/fox-infra/zones/us-central1-a/disks/fxprdwebe42-boot",
            "size": 17,
            "snapshot": "https://www.googleapis.com/compute/v1/projects/fox-infra/global/snapshots/before-oauth",
            "source_image_encryption_key": [],
            "source_image_id": "",
            "source_snapshot_encryption_key": [],
            "source_snapshot_id": "6605492809621834532",
            "timeouts": null,
            "type": "pd-ssd",
            "users": [],
            "zone": "us-central1-a"
          },
          "private": "eyJlMmJmYjczMC1lY2FhLTExZTYtOGY4OC0zNDM2M2JjN2M0YzAiOnsiY3JlYXRlIjozMDAwMDAwMDAwMDAsImRlbGV0ZSI6MjQwMDAwMDAwMDAwLCJ1cGRhdGUiOjI0MDAwMDAwMDAwMH19"
        }
      ]
    },
    {
      "module": "module.vms-e4",
      "mode": "managed",
      "type": "google_compute_disk",
      "name": "fxprdwebe4",
      "each": "list",
      "provider": "provider.google",
      "instances": []
    },
    {
      "module": "module.vms-w1",
      "mode": "managed",
      "type": "google_compute_disk",
      "name": "fxprdwebw1",
      "each": "list",
      "provider": "provider.google",
      "instances": []
    },
    {
      "module": "module.vms-w3",
      "mode": "managed",
      "type": "google_compute_disk",
      "name": "fxprdwebw3",
      "each": "list",
      "provider": "provider.google",
      "instances": []
    },
    {
      "module": "module.vms-c1",
      "mode": "managed",
      "type": "google_compute_instance",
      "name": "fxprdwebc1",
      "each": "list",
      "provider": "provider.google",
      "instances": []
    },
    {
      "module": "module.vms-c3",
      "mode": "managed",
      "type": "google_compute_instance",
      "name": "fxprdwebc3",
      "each": "list",
      "provider": "provider.google",
      "instances": []
    },
    {
      "module": "module.vms-e1",
      "mode": "managed",
      "type": "google_compute_instance",
      "name": "fxprdwebe1",
      "each": "list",
      "provider": "provider.google",
      "instances": [
        {
          "index_key": 0,
          "schema_version": 6,
          "attributes": {
            "allow_stopping_for_update": true,
            "attached_disk": [],
            "boot_disk": [
              {
                "auto_delete": true,
                "device_name": "fxprdwebe40-boot",
                "disk_encryption_key_raw": "",
                "disk_encryption_key_sha256": "",
                "initialize_params": [
                  {
                    "image": "",
                    "labels": {},
                    "size": 17,
                    "type": "pd-ssd"
                  }
                ],
                "kms_key_self_link": "",
                "source": "https://www.googleapis.com/compute/v1/projects/fox-infra/zones/us-central1-a/disks/fxprdwebe40-boot"
              }
            ],
            "can_ip_forward": false,
            "cpu_platform": "Intel Haswell",
            "deletion_protection": false,
            "description": null,
            "disk": [],
            "guest_accelerator": [],
            "hostname": "",
            "id": "fxprdwebe10",
            "instance_id": "1618286667951319606",
            "label_fingerprint": "42WmSpB8rSM=",
            "labels": null,
            "machine_type": "n1-highmem-4",
            "metadata": {
              "sshKeys": "theuser:ssh-rsa AAAAB3NzaC1yc2EAAAADAQABAAABAQD3lP7uHzbCcXp2SIQEYVzI5zbuoUn/KCs0GZfeKI7C9TUo0+HzCHW0d2nPB4f8JqRUz6X0HNL5kGcislphFUzKElLq4zjE+27Q1mu2kGzeHc53qgfQ8MVdeFBUMCyIKnYn5ve9/nRXtTF453UcWlHw3VsW8OWfdNHIjmFyhQlu6G+93hxUD4aHfOKpl8EwXDfTy2tuz0q9Q8BAtPfMYnS5K2CnSTh9aNtITdb1Fisy4YGx6b+54MIJzlJH2GTVsV5WzIMbKq3Pt3an43Mg53o5ICFe0iey2B6Wu6Vw1caONMarsSPI3yx9ExdqnMD30T1kx5hUzMFDjBuJ47Lj6H5F theuser\n"
            },
            "metadata_fingerprint": "0CQPitQsCsw=",
            "metadata_startup_script": "",
            "min_cpu_platform": "",
            "name": "fxprdwebe10",
            "network_interface": [
              {
                "access_config": [
                  {
                    "assigned_nat_ip": "",
                    "nat_ip": "35.222.57.8",
                    "network_tier": "PREMIUM",
                    "public_ptr_domain_name": ""
                  }
                ],
                "address": "",
                "alias_ip_range": [],
                "name": "nic0",
                "network": "https://www.googleapis.com/compute/v1/projects/fox-infra/global/networks/default",
                "network_ip": "10.128.0.32",
                "subnetwork": "https://www.googleapis.com/compute/v1/projects/fox-infra/regions/us-central1/subnetworks/default",
                "subnetwork_project": "fox-infra"
              }
            ],
            "project": "fox-infra",
            "scheduling": [
              {
                "automatic_restart": true,
                "node_affinities": [],
                "on_host_maintenance": "MIGRATE",
                "preemptible": false
              }
            ],
            "scratch_disk": [],
            "self_link": "https://www.googleapis.com/compute/v1/projects/fox-infra/zones/us-central1-a/instances/fxprdwebe10",
            "service_account": [],
            "shielded_instance_config": [],
            "tags": null,
            "tags_fingerprint": "42WmSpB8rSM=",
            "timeouts": null,
            "zone": "us-central1-a"
          },
          "private": "eyJlMmJmYjczMC1lY2FhLTExZTYtOGY4OC0zNDM2M2JjN2M0YzAiOnsiY3JlYXRlIjoxMjAwMDAwMDAwMDAwLCJkZWxldGUiOjEyMDAwMDAwMDAwMDAsInVwZGF0ZSI6MTIwMDAwMDAwMDAwMH0sInNjaGVtYV92ZXJzaW9uIjoiNiJ9",
          "depends_on": [
            "google_compute_address.static-ip-address",
            "google_compute_disk.fxprdwebe1"
          ]
        },
        {
          "index_key": 1,
          "schema_version": 6,
          "attributes": {
            "allow_stopping_for_update": true,
            "attached_disk": [],
            "boot_disk": [
              {
                "auto_delete": true,
                "device_name": "fxprdwebe41-boot",
                "disk_encryption_key_raw": "",
                "disk_encryption_key_sha256": "",
                "initialize_params": [
                  {
                    "image": "",
                    "labels": {},
                    "size": 17,
                    "type": "pd-ssd"
                  }
                ],
                "kms_key_self_link": "",
                "source": "https://www.googleapis.com/compute/v1/projects/fox-infra/zones/us-central1-a/disks/fxprdwebe41-boot"
              }
            ],
            "can_ip_forward": false,
            "cpu_platform": "Intel Haswell",
            "deletion_protection": false,
            "description": null,
            "disk": [],
            "guest_accelerator": [],
            "hostname": "",
            "id": "fxprdwebe11",
            "instance_id": "4031599315213167158",
            "label_fingerprint": "42WmSpB8rSM=",
            "labels": null,
            "machine_type": "n1-highmem-4",
            "metadata": {
              "sshKeys": "theuser:ssh-rsa AAAAB3NzaC1yc2EAAAADAQABAAABAQD3lP7uHzbCcXp2SIQEYVzI5zbuoUn/KCs0GZfeKI7C9TUo0+HzCHW0d2nPB4f8JqRUz6X0HNL5kGcislphFUzKElLq4zjE+27Q1mu2kGzeHc53qgfQ8MVdeFBUMCyIKnYn5ve9/nRXtTF453UcWlHw3VsW8OWfdNHIjmFyhQlu6G+93hxUD4aHfOKpl8EwXDfTy2tuz0q9Q8BAtPfMYnS5K2CnSTh9aNtITdb1Fisy4YGx6b+54MIJzlJH2GTVsV5WzIMbKq3Pt3an43Mg53o5ICFe0iey2B6Wu6Vw1caONMarsSPI3yx9ExdqnMD30T1kx5hUzMFDjBuJ47Lj6H5F theuser\n"
            },
            "metadata_fingerprint": "0CQPitQsCsw=",
            "metadata_startup_script": "",
            "min_cpu_platform": "",
            "name": "fxprdwebe11",
            "network_interface": [
              {
                "access_config": [
                  {
                    "assigned_nat_ip": "",
                    "nat_ip": "35.184.158.62",
                    "network_tier": "PREMIUM",
                    "public_ptr_domain_name": ""
                  }
                ],
                "address": "",
                "alias_ip_range": [],
                "name": "nic0",
                "network": "https://www.googleapis.com/compute/v1/projects/fox-infra/global/networks/default",
                "network_ip": "10.128.0.31",
                "subnetwork": "https://www.googleapis.com/compute/v1/projects/fox-infra/regions/us-central1/subnetworks/default",
                "subnetwork_project": "fox-infra"
              }
            ],
            "project": "fox-infra",
            "scheduling": [
              {
                "automatic_restart": true,
                "node_affinities": [],
                "on_host_maintenance": "MIGRATE",
                "preemptible": false
              }
            ],
            "scratch_disk": [],
            "self_link": "https://www.googleapis.com/compute/v1/projects/fox-infra/zones/us-central1-a/instances/fxprdwebe11",
            "service_account": [],
            "shielded_instance_config": [],
            "tags": null,
            "tags_fingerprint": "42WmSpB8rSM=",
            "timeouts": null,
            "zone": "us-central1-a"
          },
          "private": "eyJlMmJmYjczMC1lY2FhLTExZTYtOGY4OC0zNDM2M2JjN2M0YzAiOnsiY3JlYXRlIjoxMjAwMDAwMDAwMDAwLCJkZWxldGUiOjEyMDAwMDAwMDAwMDAsInVwZGF0ZSI6MTIwMDAwMDAwMDAwMH0sInNjaGVtYV92ZXJzaW9uIjoiNiJ9",
          "depends_on": [
            "google_compute_address.static-ip-address",
            "google_compute_disk.fxprdwebe1"
          ]
        },
        {
          "index_key": 2,
          "schema_version": 6,
          "attributes": {
            "allow_stopping_for_update": true,
            "attached_disk": [],
            "boot_disk": [
              {
                "auto_delete": true,
                "device_name": "fxprdwebe42-boot",
                "disk_encryption_key_raw": "",
                "disk_encryption_key_sha256": "",
                "initialize_params": [
                  {
                    "image": "",
                    "labels": {},
                    "size": 17,
                    "type": "pd-ssd"
                  }
                ],
                "kms_key_self_link": "",
                "source": "https://www.googleapis.com/compute/v1/projects/fox-infra/zones/us-central1-a/disks/fxprdwebe42-boot"
              }
            ],
            "can_ip_forward": false,
            "cpu_platform": "Intel Haswell",
            "deletion_protection": false,
            "description": null,
            "disk": [],
            "guest_accelerator": [],
            "hostname": "",
            "id": "fxprdwebe12",
            "instance_id": "8156245839094557238",
            "label_fingerprint": "42WmSpB8rSM=",
            "labels": null,
            "machine_type": "n1-highmem-4",
            "metadata": {
              "sshKeys": "theuser:ssh-rsa AAAAB3NzaC1yc2EAAAADAQABAAABAQD3lP7uHzbCcXp2SIQEYVzI5zbuoUn/KCs0GZfeKI7C9TUo0+HzCHW0d2nPB4f8JqRUz6X0HNL5kGcislphFUzKElLq4zjE+27Q1mu2kGzeHc53qgfQ8MVdeFBUMCyIKnYn5ve9/nRXtTF453UcWlHw3VsW8OWfdNHIjmFyhQlu6G+93hxUD4aHfOKpl8EwXDfTy2tuz0q9Q8BAtPfMYnS5K2CnSTh9aNtITdb1Fisy4YGx6b+54MIJzlJH2GTVsV5WzIMbKq3Pt3an43Mg53o5ICFe0iey2B6Wu6Vw1caONMarsSPI3yx9ExdqnMD30T1kx5hUzMFDjBuJ47Lj6H5F theuser\n"
            },
            "metadata_fingerprint": "0CQPitQsCsw=",
            "metadata_startup_script": "",
            "min_cpu_platform": "",
            "name": "fxprdwebe12",
            "network_interface": [
              {
                "access_config": [
                  {
                    "assigned_nat_ip": "",
                    "nat_ip": "35.202.190.110",
                    "network_tier": "PREMIUM",
                    "public_ptr_domain_name": ""
                  }
                ],
                "address": "",
                "alias_ip_range": [],
                "name": "nic0",
                "network": "https://www.googleapis.com/compute/v1/projects/fox-infra/global/networks/default",
                "network_ip": "10.128.0.33",
                "subnetwork": "https://www.googleapis.com/compute/v1/projects/fox-infra/regions/us-central1/subnetworks/default",
                "subnetwork_project": "fox-infra"
              }
            ],
            "project": "fox-infra",
            "scheduling": [
              {
                "automatic_restart": true,
                "node_affinities": [],
                "on_host_maintenance": "MIGRATE",
                "preemptible": false
              }
            ],
            "scratch_disk": [],
            "self_link": "https://www.googleapis.com/compute/v1/projects/fox-infra/zones/us-central1-a/instances/fxprdwebe12",
            "service_account": [],
            "shielded_instance_config": [],
            "tags": null,
            "tags_fingerprint": "42WmSpB8rSM=",
            "timeouts": null,
            "zone": "us-central1-a"
          },
          "private": "eyJlMmJmYjczMC1lY2FhLTExZTYtOGY4OC0zNDM2M2JjN2M0YzAiOnsiY3JlYXRlIjoxMjAwMDAwMDAwMDAwLCJkZWxldGUiOjEyMDAwMDAwMDAwMDAsInVwZGF0ZSI6MTIwMDAwMDAwMDAwMH0sInNjaGVtYV92ZXJzaW9uIjoiNiJ9",
          "depends_on": [
            "google_compute_address.static-ip-address",
            "google_compute_disk.fxprdwebe1"
          ]
        }
      ]
    },
    {
      "module": "module.vms-e4",
      "mode": "managed",
      "type": "google_compute_instance",
      "name": "fxprdwebe4",
      "each": "list",
      "provider": "provider.google",
      "instances": []
    },
    {
      "module": "module.vms-w1",
      "mode": "managed",
      "type": "google_compute_instance",
      "name": "fxprdwebw1",
      "each": "list",
      "provider": "provider.google",
      "instances": []
    },
    {
      "module": "module.vms-w3",
      "mode": "managed",
      "type": "google_compute_instance",
      "name": "fxprdwebw3",
      "each": "list",
      "provider": "provider.google",
      "instances": []
    }
  ]
}
